
Microsoft Visual Studio Solution File, Format Version 12.00
# Visual Studio 2013
VisualStudioVersion = 12.0.31101.0
MinimumVisualStudioVersion = 10.0.40219.1
Project("{8BC9CEB8-8B4A-11D0-8D11-00A0C91BC942}") = "King's_Truth_v2.0", "King's_Truth_v2.0\King's_Truth_v2.0.vcxproj", "{73A9DA0D-4419-43D4-BDC2-46D5E63B72EE}"
EndProject
Global
	GlobalSection(SolutionConfigurationPlatforms) = preSolution
		Debug|Win32 = Debug|Win32
		Release|Win32 = Release|Win32
	EndGlobalSection
	GlobalSection(ProjectConfigurationPlatforms) = postSolution
		{73A9DA0D-4419-43D4-BDC2-46D5E63B72EE}.Debug|Win32.ActiveCfg = Debug|Win32
		{73A9DA0D-4419-43D4-BDC2-46D5E63B72EE}.Debug|Win32.Build.0 = Debug|Win32
		{73A9DA0D-4419-43D4-BDC2-46D5E63B72EE}.Release|Win32.ActiveCfg = Release|Win32
		{73A9DA0D-4419-43D4-BDC2-46D5E63B72EE}.Release|Win32.Build.0 = Release|Win32
	EndGlobalSection
	GlobalSection(SolutionProperties) = preSolution
		HideSolutionNode = FALSE
	EndGlobalSection
EndGlobal
