<?xml version="1.0" encoding="utf-8"?>
<Project ToolsVersion="4.0" xmlns="http://schemas.microsoft.com/developer/msbuild/2003">
  <ItemGroup>
    <Filter Include="Framework">
      <UniqueIdentifier>{a34967d0-5624-47d3-a9f0-3d848e699a92}</UniqueIdentifier>
    </Filter>
    <Filter Include="Game">
      <UniqueIdentifier>{bb226f00-665a-44ad-8296-3ed5897ecfc2}</UniqueIdentifier>
    </Filter>
    <Filter Include="Game\Header Files">
      <UniqueIdentifier>{93995380-89BD-4b04-88EB-625FBE52EBFB}</UniqueIdentifier>
      <Extensions>h;hh;hpp;hxx;hm;inl;inc;xsd</Extensions>
    </Filter>
    <Filter Include="Game\Resource Files">
      <UniqueIdentifier>{67DA6AB6-F800-4c08-8B7A-83BB121AAD01}</UniqueIdentifier>
      <Extensions>rc;ico;cur;bmp;dlg;rc2;rct;bin;rgs;gif;jpg;jpeg;jpe;resx;tiff;tif;png;wav;mfcribbon-ms</Extensions>
    </Filter>
    <Filter Include="Game\Source Files">
      <UniqueIdentifier>{4FC737F1-C7A5-4376-A066-2A32D752A2FF}</UniqueIdentifier>
      <Extensions>cpp;c;cc;cxx;def;odl;idl;hpj;bat;asm;asmx</Extensions>
    </Filter>
    <Filter Include="Framework\Global">
      <UniqueIdentifier>{e7bd4a21-d988-4d64-b9fd-3a100d32a12c}</UniqueIdentifier>
    </Filter>
    <Filter Include="Framework\Windows">
      <UniqueIdentifier>{8683eb9a-631b-4c85-891f-d46c87b250be}</UniqueIdentifier>
    </Filter>
    <Filter Include="Framework\Event System">
      <UniqueIdentifier>{56cc7643-e3c5-47f6-835e-f517ebb35712}</UniqueIdentifier>
    </Filter>
    <Filter Include="Framework\Input/Output">
      <UniqueIdentifier>{d5526023-df34-4f2d-83c5-e2ad9366c5bd}</UniqueIdentifier>
    </Filter>
    <Filter Include="Framework\Input/Output\Input Devices">
      <UniqueIdentifier>{15107d80-7cdb-45c3-bd6c-a5c9eedd1dd4}</UniqueIdentifier>
    </Filter>
    <Filter Include="Framework\UI">
      <UniqueIdentifier>{20679725-429f-437d-8add-1de938ee97a2}</UniqueIdentifier>
    </Filter>
    <Filter Include="Game\Header Files\Game Manager">
      <UniqueIdentifier>{d42d5579-4cbd-4321-a022-0151913d6d67}</UniqueIdentifier>
    </Filter>
    <Filter Include="Game\Source Files\Game Manager">
      <UniqueIdentifier>{b740d87e-ca3f-4605-b7e1-ea2593d4d25d}</UniqueIdentifier>
    </Filter>
    <Filter Include="Game\Header Files\Utilities">
      <UniqueIdentifier>{7aa6ca4a-9d69-475c-9ba7-494a53028a15}</UniqueIdentifier>
    </Filter>
    <Filter Include="Game\Header Files\Graphics">
      <UniqueIdentifier>{1186a228-3680-474c-9d39-8aa85308e162}</UniqueIdentifier>
    </Filter>
    <Filter Include="Game\Source Files\Graphics">
      <UniqueIdentifier>{bff891a4-0d69-483e-a0b5-110dc4ae3adf}</UniqueIdentifier>
    </Filter>
    <Filter Include="Game\Source Files\Utilities">
      <UniqueIdentifier>{67a27e5e-986a-4bac-8de6-080d3d19dfdf}</UniqueIdentifier>
    </Filter>
    <Filter Include="Game\Resource Files\Textures">
      <UniqueIdentifier>{88c7b3a1-2439-47a4-9ede-e44b954af63f}</UniqueIdentifier>
    </Filter>
    <Filter Include="Game\Resource Files\Maps">
      <UniqueIdentifier>{2526b231-b055-4a39-a4e4-c5d7b1457398}</UniqueIdentifier>
    </Filter>
    <Filter Include="Framework\UI\UI_Objects">
      <UniqueIdentifier>{255c85e0-05bf-4023-8dc2-19e27699545d}</UniqueIdentifier>
    </Filter>
    <Filter Include="Framework\DirectX / Graphics">
      <UniqueIdentifier>{15dee395-d4b0-4117-bd57-dec36f8c0154}</UniqueIdentifier>
    </Filter>
    <Filter Include="Game\Header Files\GameObjects">
      <UniqueIdentifier>{de2f7a9d-8814-4460-8213-ed999722effc}</UniqueIdentifier>
    </Filter>
    <Filter Include="Game\Header Files\GameObjects\Entities">
      <UniqueIdentifier>{5ef4cd6e-289e-4c5b-a37b-b628c8144986}</UniqueIdentifier>
    </Filter>
    <Filter Include="Game\Source Files\GameObjects">
      <UniqueIdentifier>{6f3f44d6-125b-4831-9b6d-ad236488a512}</UniqueIdentifier>
    </Filter>
    <Filter Include="Game\Source Files\GameObjects\Entities">
      <UniqueIdentifier>{46d0fc26-48d6-4216-9e78-6813dee5dc80}</UniqueIdentifier>
    </Filter>
    <Filter Include="Game\Source Files\GameObjects\Items">
      <UniqueIdentifier>{b63a8d10-1de5-48c0-8c8b-ea30812e7581}</UniqueIdentifier>
    </Filter>
    <Filter Include="Game\Source Files\GameObjects\Items\Weapons">
      <UniqueIdentifier>{07a81c3c-e1c2-4eb3-be93-fd92d911e47f}</UniqueIdentifier>
    </Filter>
    <Filter Include="Game\Header Files\GameObjects\Items">
      <UniqueIdentifier>{7b730370-4264-40b2-8e29-018f6d2e0a9c}</UniqueIdentifier>
    </Filter>
    <Filter Include="Game\Header Files\GameObjects\Items\Weapons">
      <UniqueIdentifier>{593d7b93-4fe6-4a45-be43-f2e2bc11ff33}</UniqueIdentifier>
    </Filter>
    <Filter Include="Framework\Physics">
      <UniqueIdentifier>{11705582-4737-4b01-97d0-aaac245d4b58}</UniqueIdentifier>
    </Filter>
  </ItemGroup>
  <ItemGroup>
    <ClCompile Include="..\..\King%27s_Truth_v2.0\King%27s_Truth_v2.0\2DRenderManager.cpp">
      <Filter>Framework\DirectX / Graphics</Filter>
    </ClCompile>
    <ClCompile Include="..\..\King%27s_Truth_v2.0\King%27s_Truth_v2.0\Debug.cpp">
      <Filter>Framework\Global</Filter>
    </ClCompile>
    <ClCompile Include="..\..\King%27s_Truth_v2.0\King%27s_Truth_v2.0\Direct3D.cpp">
      <Filter>Framework\DirectX / Graphics</Filter>
    </ClCompile>
    <ClCompile Include="..\..\King%27s_Truth_v2.0\King%27s_Truth_v2.0\Engine_Core.cpp">
      <Filter>Framework\Global</Filter>
    </ClCompile>
    <ClCompile Include="..\..\King%27s_Truth_v2.0\King%27s_Truth_v2.0\EventManager.cpp">
      <Filter>Framework\Event System</Filter>
    </ClCompile>
    <ClCompile Include="..\..\King%27s_Truth_v2.0\King%27s_Truth_v2.0\Factory.cpp">
      <Filter>Framework\Global</Filter>
    </ClCompile>
    <ClCompile Include="..\..\King%27s_Truth_v2.0\King%27s_Truth_v2.0\Font.cpp">
      <Filter>Framework\UI</Filter>
    </ClCompile>
    <ClCompile Include="..\..\King%27s_Truth_v2.0\King%27s_Truth_v2.0\UIManager.cpp">
      <Filter>Framework\UI</Filter>
    </ClCompile>
    <ClCompile Include="..\..\King%27s_Truth_v2.0\King%27s_Truth_v2.0\InputManager.cpp">
      <Filter>Framework\Input/Output</Filter>
    </ClCompile>
    <ClCompile Include="..\..\King%27s_Truth_v2.0\King%27s_Truth_v2.0\Keyboard.cpp">
      <Filter>Framework\Input/Output\Input Devices</Filter>
    </ClCompile>
    <ClCompile Include="..\..\King%27s_Truth_v2.0\King%27s_Truth_v2.0\LogFile.cpp">
      <Filter>Framework\Global</Filter>
    </ClCompile>
    <ClCompile Include="..\..\King%27s_Truth_v2.0\King%27s_Truth_v2.0\Timer.cpp">
      <Filter>Framework\Global</Filter>
    </ClCompile>
    <ClCompile Include="..\..\King%27s_Truth_v2.0\King%27s_Truth_v2.0\Vector.cpp">
      <Filter>Framework\Global</Filter>
    </ClCompile>
    <ClCompile Include="..\..\King%27s_Truth_v2.0\King%27s_Truth_v2.0\Windows.cpp">
      <Filter>Framework\Windows</Filter>
    </ClCompile>
    <ClCompile Include="..\..\King%27s_Truth_v2.0\King%27s_Truth_v2.0\TextureManager.cpp">
      <Filter>Framework\DirectX / Graphics</Filter>
    </ClCompile>
    <ClCompile Include="..\..\King%27s_Truth_v2.0\King%27s_Truth_v2.0\Collider.cpp">
      <Filter>Game\Source Files\Utilities</Filter>
    </ClCompile>
    <ClCompile Include="..\..\King%27s_Truth_v2.0\King%27s_Truth_v2.0\Player.cpp">
      <Filter>Game\Source Files\GameObjects\Entities</Filter>
    </ClCompile>
    <ClCompile Include="..\..\King%27s_Truth_v2.0\King%27s_Truth_v2.0\GameManager.cpp">
      <Filter>Game\Source Files\Game Manager</Filter>
    </ClCompile>
    <ClCompile Include="..\..\King%27s_Truth_v2.0\King%27s_Truth_v2.0\TileManager.cpp">
      <Filter>Game\Source Files\Graphics</Filter>
    </ClCompile>
    <ClCompile Include="..\..\King%27s_Truth_v2.0\King%27s_Truth_v2.0\Tile.cpp">
      <Filter>Game\Source Files\Utilities</Filter>
    </ClCompile>
    <ClCompile Include="Camera2D.cpp">
      <Filter>Framework\DirectX / Graphics</Filter>
    </ClCompile>
    <ClCompile Include="..\..\King%27s_Truth_v2.0\King%27s_Truth_v2.0\Label.cpp">
      <Filter>Framework\UI\UI_Objects</Filter>
    </ClCompile>
    <ClCompile Include="..\..\King%27s_Truth_v2.0\King%27s_Truth_v2.0\Button.cpp">
      <Filter>Framework\UI\UI_Objects</Filter>
    </ClCompile>
    <ClCompile Include="..\..\King%27s_Truth_v2.0\King%27s_Truth_v2.0\Mouse.cpp">
      <Filter>Framework\Input/Output\Input Devices</Filter>
    </ClCompile>
    <ClCompile Include="..\..\King%27s_Truth_v2.0\King%27s_Truth_v2.0\BackgroundManager.cpp">
      <Filter>Framework\DirectX / Graphics</Filter>
    </ClCompile>
    <ClCompile Include="..\..\King%27s_Truth_v2.0\King%27s_Truth_v2.0\StaticBackground.cpp">
      <Filter>Framework\DirectX / Graphics</Filter>
    </ClCompile>
    <ClCompile Include="..\..\King%27s_Truth_v2.0\King%27s_Truth_v2.0\PicBox.cpp">
      <Filter>Framework\UI\UI_Objects</Filter>
    </ClCompile>
    <ClCompile Include="..\..\King%27s_Truth_v2.0\King%27s_Truth_v2.0\Sword.cpp">
      <Filter>Game\Source Files\GameObjects\Items\Weapons</Filter>
    </ClCompile>
    <ClCompile Include="..\..\King%27s_Truth_v2.0\King%27s_Truth_v2.0\Inventory.cpp">
      <Filter>Game\Source Files\Utilities</Filter>
    </ClCompile>
    <ClCompile Include="..\..\King%27s_Truth_v2.0\King%27s_Truth_v2.0\DungeonKey.cpp">
      <Filter>Game\Source Files\GameObjects\Items</Filter>
    </ClCompile>
    <ClCompile Include="..\..\King%27s_Truth_v2.0\King%27s_Truth_v2.0\Chest.cpp">
      <Filter>Game\Source Files\GameObjects\Items</Filter>
    </ClCompile>
    <ClCompile Include="..\..\King%27s_Truth_v2.0\King%27s_Truth_v2.0\StaticObject.cpp">
      <Filter>Game\Source Files\GameObjects\Items</Filter>
    </ClCompile>
    <ClCompile Include="..\..\King%27s_Truth_v2.0\King%27s_Truth_v2.0\PhysicsManager.cpp">
      <Filter>Framework\Physics</Filter>
    </ClCompile>
    <ClCompile Include="..\..\King%27s_Truth_v2.0\King%27s_Truth_v2.0\QuadTree.cpp">
      <Filter>Framework\Physics</Filter>
    </ClCompile>
  </ItemGroup>
  <ItemGroup>
    <ClInclude Include="..\..\King%27s_Truth_v2.0\King%27s_Truth_v2.0\2DRenderManager.h">
      <Filter>Framework\DirectX / Graphics</Filter>
    </ClInclude>
    <ClInclude Include="..\..\King%27s_Truth_v2.0\King%27s_Truth_v2.0\Debug.h">
      <Filter>Framework\Global</Filter>
    </ClInclude>
    <ClInclude Include="..\..\King%27s_Truth_v2.0\King%27s_Truth_v2.0\Delegate.h">
      <Filter>Framework\Event System</Filter>
    </ClInclude>
    <ClInclude Include="..\..\King%27s_Truth_v2.0\King%27s_Truth_v2.0\Direct3D.h">
      <Filter>Framework\DirectX / Graphics</Filter>
    </ClInclude>
    <ClInclude Include="..\..\King%27s_Truth_v2.0\King%27s_Truth_v2.0\Engine_Core.h">
      <Filter>Framework\Global</Filter>
    </ClInclude>
    <ClInclude Include="..\..\King%27s_Truth_v2.0\King%27s_Truth_v2.0\Event.h">
      <Filter>Framework\Event System</Filter>
    </ClInclude>
    <ClInclude Include="..\..\King%27s_Truth_v2.0\King%27s_Truth_v2.0\EventManager.h">
      <Filter>Framework\Event System</Filter>
    </ClInclude>
    <ClInclude Include="..\..\King%27s_Truth_v2.0\King%27s_Truth_v2.0\Factory.h">
      <Filter>Framework\Global</Filter>
    </ClInclude>
    <ClInclude Include="..\..\King%27s_Truth_v2.0\King%27s_Truth_v2.0\Font.h">
      <Filter>Framework\UI</Filter>
    </ClInclude>
    <ClInclude Include="..\..\King%27s_Truth_v2.0\King%27s_Truth_v2.0\UIManager.h">
      <Filter>Framework\UI</Filter>
    </ClInclude>
    <ClInclude Include="..\..\King%27s_Truth_v2.0\King%27s_Truth_v2.0\IInputDevice.h">
      <Filter>Framework\Input/Output\Input Devices</Filter>
    </ClInclude>
    <ClInclude Include="..\..\King%27s_Truth_v2.0\King%27s_Truth_v2.0\InputManager.h">
      <Filter>Framework\Input/Output</Filter>
    </ClInclude>
    <ClInclude Include="..\..\King%27s_Truth_v2.0\King%27s_Truth_v2.0\Keyboard.h">
      <Filter>Framework\Input/Output\Input Devices</Filter>
    </ClInclude>
    <ClInclude Include="..\..\King%27s_Truth_v2.0\King%27s_Truth_v2.0\IGameObject.h">
      <Filter>Framework\Global</Filter>
    </ClInclude>
    <ClInclude Include="..\..\King%27s_Truth_v2.0\King%27s_Truth_v2.0\IRenderableObject.h">
      <Filter>Framework\Global</Filter>
    </ClInclude>
    <ClInclude Include="..\..\King%27s_Truth_v2.0\King%27s_Truth_v2.0\LogFile.h">
      <Filter>Framework\Global</Filter>
    </ClInclude>
    <ClInclude Include="..\..\King%27s_Truth_v2.0\King%27s_Truth_v2.0\stdafx.h">
      <Filter>Framework\Global</Filter>
    </ClInclude>
    <ClInclude Include="..\..\King%27s_Truth_v2.0\King%27s_Truth_v2.0\Timer.h">
      <Filter>Framework\Global</Filter>
    </ClInclude>
    <ClInclude Include="..\..\King%27s_Truth_v2.0\King%27s_Truth_v2.0\Vector.h">
      <Filter>Framework\Global</Filter>
    </ClInclude>
    <ClInclude Include="..\..\King%27s_Truth_v2.0\King%27s_Truth_v2.0\TextureManager.h">
      <Filter>Framework\DirectX / Graphics</Filter>
    </ClInclude>
    <ClInclude Include="..\..\King%27s_Truth_v2.0\King%27s_Truth_v2.0\Player.h">
      <Filter>Game\Header Files\GameObjects\Entities</Filter>
    </ClInclude>
    <ClInclude Include="..\..\King%27s_Truth_v2.0\King%27s_Truth_v2.0\Collider.h">
      <Filter>Game\Header Files\Utilities</Filter>
    </ClInclude>
    <ClInclude Include="..\..\King%27s_Truth_v2.0\King%27s_Truth_v2.0\IEntity.h">
      <Filter>Game\Header Files\Utilities</Filter>
    </ClInclude>
    <ClInclude Include="..\..\King%27s_Truth_v2.0\King%27s_Truth_v2.0\GameManager.h">
      <Filter>Game\Header Files\Game Manager</Filter>
    </ClInclude>
    <ClInclude Include="..\..\King%27s_Truth_v2.0\King%27s_Truth_v2.0\TileManager.h">
      <Filter>Game\Header Files\Graphics</Filter>
    </ClInclude>
    <ClInclude Include="..\..\King%27s_Truth_v2.0\King%27s_Truth_v2.0\Tile.h">
      <Filter>Game\Header Files\Utilities</Filter>
    </ClInclude>
    <ClInclude Include="Camera2D.h">
      <Filter>Framework\DirectX / Graphics</Filter>
    </ClInclude>
    <ClInclude Include="..\..\King%27s_Truth_v2.0\King%27s_Truth_v2.0\IUI_Object.h">
      <Filter>Framework\UI\UI_Objects</Filter>
    </ClInclude>
    <ClInclude Include="..\..\King%27s_Truth_v2.0\King%27s_Truth_v2.0\Label.h">
      <Filter>Framework\UI\UI_Objects</Filter>
    </ClInclude>
    <ClInclude Include="..\..\King%27s_Truth_v2.0\King%27s_Truth_v2.0\Button.h">
      <Filter>Framework\UI\UI_Objects</Filter>
    </ClInclude>
    <ClInclude Include="..\..\King%27s_Truth_v2.0\King%27s_Truth_v2.0\Mouse.h">
      <Filter>Framework\Input/Output\Input Devices</Filter>
    </ClInclude>
    <ClInclude Include="..\..\King%27s_Truth_v2.0\King%27s_Truth_v2.0\IBackground.h">
      <Filter>Framework\Global</Filter>
    </ClInclude>
    <ClInclude Include="..\..\King%27s_Truth_v2.0\King%27s_Truth_v2.0\BackgroundManager.h">
      <Filter>Framework\DirectX / Graphics</Filter>
    </ClInclude>
    <ClInclude Include="..\..\King%27s_Truth_v2.0\King%27s_Truth_v2.0\StaticBackground.h">
      <Filter>Framework\DirectX / Graphics</Filter>
    </ClInclude>
    <ClInclude Include="..\..\King%27s_Truth_v2.0\King%27s_Truth_v2.0\PicBox.h">
      <Filter>Framework\UI\UI_Objects</Filter>
    </ClInclude>
    <ClInclude Include="..\..\King%27s_Truth_v2.0\King%27s_Truth_v2.0\IWeapon.h">
      <Filter>Game\Header Files\Utilities</Filter>
    </ClInclude>
    <ClInclude Include="..\..\King%27s_Truth_v2.0\King%27s_Truth_v2.0\Sword.h">
      <Filter>Game\Header Files\GameObjects\Items\Weapons</Filter>
    </ClInclude>
    <ClInclude Include="..\..\King%27s_Truth_v2.0\King%27s_Truth_v2.0\Inventory.h">
      <Filter>Game\Header Files\Utilities</Filter>
    </ClInclude>
    <ClInclude Include="..\..\King%27s_Truth_v2.0\King%27s_Truth_v2.0\IITem.h">
      <Filter>Game\Header Files\Utilities</Filter>
    </ClInclude>
    <ClInclude Include="..\..\King%27s_Truth_v2.0\King%27s_Truth_v2.0\DungeonKey.h">
      <Filter>Game\Header Files\GameObjects\Items</Filter>
    </ClInclude>
    <ClInclude Include="..\..\King%27s_Truth_v2.0\King%27s_Truth_v2.0\Chest.h">
      <Filter>Game\Header Files\GameObjects\Items</Filter>
    </ClInclude>
    <ClInclude Include="..\..\King%27s_Truth_v2.0\King%27s_Truth_v2.0\StaticObject.h">
      <Filter>Game\Header Files\GameObjects\Items</Filter>
    </ClInclude>
    <ClInclude Include="..\..\King%27s_Truth_v2.0\King%27s_Truth_v2.0\PhysicsManager.h">
      <Filter>Framework\Physics</Filter>
    </ClInclude>
    <ClInclude Include="..\..\King%27s_Truth_v2.0\King%27s_Truth_v2.0\QuadTree.h">
      <Filter>Framework\Physics</Filter>
    </ClInclude>
  </ItemGroup>
  <ItemGroup>
    <Text Include="..\..\King%27s_Truth_v2.0\King%27s_Truth_v2.0\textureList.txt">
      <Filter>Game\Resource Files</Filter>
    </Text>
  </ItemGroup>
  <ItemGroup>
    <Image Include="..\..\King%27s_Truth_v2.0\King%27s_Truth_v2.0\textures\SourceMaps\hedge_maze.png">
      <Filter>Game\Resource Files\Maps</Filter>
    </Image>
    <Image Include="..\..\King%27s_Truth_v2.0\King%27s_Truth_v2.0\textures\SourceMaps\ice_bricks.png">
      <Filter>Game\Resource Files\Maps</Filter>
    </Image>
    <Image Include="..\..\King%27s_Truth_v2.0\King%27s_Truth_v2.0\textures\SourceMaps\lightblue_bricks.png">
      <Filter>Game\Resource Files\Maps</Filter>
    </Image>
    <Image Include="..\..\King%27s_Truth_v2.0\King%27s_Truth_v2.0\textures\SourceMaps\purple_bricks.png">
      <Filter>Game\Resource Files\Maps</Filter>
    </Image>
    <Image Include="..\..\King%27s_Truth_v2.0\King%27s_Truth_v2.0\textures\SourceMaps\stone_bricks.png">
      <Filter>Game\Resource Files\Maps</Filter>
    </Image>
    <Image Include="..\..\King%27s_Truth_v2.0\King%27s_Truth_v2.0\textures\SourceMaps\stone_walls.png">
      <Filter>Game\Resource Files\Maps</Filter>
    </Image>
    <Image Include="..\..\King%27s_Truth_v2.0\King%27s_Truth_v2.0\textures\menu_background.png">
      <Filter>Game\Resource Files\Textures</Filter>
    </Image>
    <Image Include="..\..\King%27s_Truth_v2.0\King%27s_Truth_v2.0\textures\menu_button.png">
      <Filter>Game\Resource Files\Textures</Filter>
    </Image>
    <Image Include="..\..\King%27s_Truth_v2.0\King%27s_Truth_v2.0\textures\player.png">
      <Filter>Game\Resource Files\Textures</Filter>
    </Image>
    <Image Include="..\..\King%27s_Truth_v2.0\King%27s_Truth_v2.0\Textures\items.png">
      <Filter>Game\Resource Files\Textures</Filter>
    </Image>
    <Image Include="..\..\King%27s_Truth_v2.0\King%27s_Truth_v2.0\Textures\misc_things.png">
      <Filter>Game\Resource Files\Textures</Filter>
    </Image>
    <Image Include="..\..\King%27s_Truth_v2.0\King%27s_Truth_v2.0\textures\barrell.png">
      <Filter>Game\Resource Files\Textures</Filter>
    </Image>
  </ItemGroup>
</Project>